
Microsoft Visual Studio Solution File, Format Version 12.00
# Visual Studio Version 16
VisualStudioVersion = 16.0.31112.23
MinimumVisualStudioVersion = 10.0.40219.1
Project("{FAE04EC0-301F-11D3-BF4B-00C04F79EFBC}") = "NuGetRepository", "NuGetRepository\NuGetRepository.csproj", "{B6A2DA05-60C9-47B4-A07B-34DBE87708BC}"
EndProject
Global
	GlobalSection(SolutionConfigurationPlatforms) = preSolution
		Debug|Any CPU = Debug|Any CPU
		Release|Any CPU = Release|Any CPU
	EndGlobalSection
	GlobalSection(ProjectConfigurationPlatforms) = postSolution
		{B6A2DA05-60C9-47B4-A07B-34DBE87708BC}.Debug|Any CPU.ActiveCfg = Debug|Any CPU
		{B6A2DA05-60C9-47B4-A07B-34DBE87708BC}.Debug|Any CPU.Build.0 = Debug|Any CPU
		{B6A2DA05-60C9-47B4-A07B-34DBE87708BC}.Release|Any CPU.ActiveCfg = Release|Any CPU
		{B6A2DA05-60C9-47B4-A07B-34DBE87708BC}.Release|Any CPU.Build.0 = Release|Any CPU
	EndGlobalSection
	GlobalSection(SolutionProperties) = preSolution
		HideSolutionNode = FALSE
	EndGlobalSection
	GlobalSection(ExtensibilityGlobals) = postSolution
		SolutionGuid = {001C3B55-F21E-47F2-8C33-D662CBD8557B}
	EndGlobalSection
EndGlobal
